// !$*UTF8*$!
{
	archiveVersion = 1;
	classes = {
	};
	objectVersion = 56;
	objects = {

/* Begin PBXBuildFile section */
		21C5F61A47BD06C5B081C1C4 /* Pods_AuthPhoneNumber.framework in Frameworks */ = {isa = PBXBuildFile; fileRef = 5EB9CBB0D84464A744441435 /* Pods_AuthPhoneNumber.framework */; };
		3BFAAD1B2BA8A8B400FE4800 /* AppDelegate.swift in Sources */ = {isa = PBXBuildFile; fileRef = 3BFAAD1A2BA8A8B400FE4800 /* AppDelegate.swift */; };
		3BFAAD1D2BA8A8B400FE4800 /* SceneDelegate.swift in Sources */ = {isa = PBXBuildFile; fileRef = 3BFAAD1C2BA8A8B400FE4800 /* SceneDelegate.swift */; };
		3BFAAD1F2BA8A8B400FE4800 /* LaunchScreenViewController.swift in Sources */ = {isa = PBXBuildFile; fileRef = 3BFAAD1E2BA8A8B400FE4800 /* LaunchScreenViewController.swift */; };
		3BFAAD242BA8A8B600FE4800 /* Assets.xcassets in Resources */ = {isa = PBXBuildFile; fileRef = 3BFAAD232BA8A8B600FE4800 /* Assets.xcassets */; };
		3BFAAD372BA8BD6D00FE4800 /* LoginViewController.swift in Sources */ = {isa = PBXBuildFile; fileRef = 3BFAAD362BA8BD6D00FE4800 /* LoginViewController.swift */; };
		3BFAAD392BA8C4C400FE4800 /* GoogleService-Info.plist in Resources */ = {isa = PBXBuildFile; fileRef = 3BFAAD382BA8C4C300FE4800 /* GoogleService-Info.plist */; };
		3BFAAD3C2BA8D10000FE4800 /* LoginViewModel.swift in Sources */ = {isa = PBXBuildFile; fileRef = 3BFAAD3B2BA8D10000FE4800 /* LoginViewModel.swift */; };
		3BFAAD3F2BA8D1CF00FE4800 /* AuthScreenView.swift in Sources */ = {isa = PBXBuildFile; fileRef = 3BFAAD3E2BA8D1CF00FE4800 /* AuthScreenView.swift */; };
		3BFAAD412BA8D1DD00FE4800 /* AuthScreenViewModel.swift in Sources */ = {isa = PBXBuildFile; fileRef = 3BFAAD402BA8D1DD00FE4800 /* AuthScreenViewModel.swift */; };
/* End PBXBuildFile section */

/* Begin PBXFileReference section */
		2C69E80402697F201204242A /* Pods-AuthPhoneNumber.release.xcconfig */ = {isa = PBXFileReference; includeInIndex = 1; lastKnownFileType = text.xcconfig; name = "Pods-AuthPhoneNumber.release.xcconfig"; path = "Target Support Files/Pods-AuthPhoneNumber/Pods-AuthPhoneNumber.release.xcconfig"; sourceTree = "<group>"; };
		3A3DFB33D485C0D2C5438F38 /* Pods-AuthPhoneNumber.debug.xcconfig */ = {isa = PBXFileReference; includeInIndex = 1; lastKnownFileType = text.xcconfig; name = "Pods-AuthPhoneNumber.debug.xcconfig"; path = "Target Support Files/Pods-AuthPhoneNumber/Pods-AuthPhoneNumber.debug.xcconfig"; sourceTree = "<group>"; };
		3BFAAD172BA8A8B400FE4800 /* AuthPhoneNumber.app */ = {isa = PBXFileReference; explicitFileType = wrapper.application; includeInIndex = 0; path = AuthPhoneNumber.app; sourceTree = BUILT_PRODUCTS_DIR; };
		3BFAAD1A2BA8A8B400FE4800 /* AppDelegate.swift */ = {isa = PBXFileReference; lastKnownFileType = sourcecode.swift; path = AppDelegate.swift; sourceTree = "<group>"; };
		3BFAAD1C2BA8A8B400FE4800 /* SceneDelegate.swift */ = {isa = PBXFileReference; lastKnownFileType = sourcecode.swift; path = SceneDelegate.swift; sourceTree = "<group>"; };
		3BFAAD1E2BA8A8B400FE4800 /* LaunchScreenViewController.swift */ = {isa = PBXFileReference; lastKnownFileType = sourcecode.swift; path = LaunchScreenViewController.swift; sourceTree = "<group>"; };
		3BFAAD232BA8A8B600FE4800 /* Assets.xcassets */ = {isa = PBXFileReference; lastKnownFileType = folder.assetcatalog; path = Assets.xcassets; sourceTree = "<group>"; };
		3BFAAD282BA8A8B600FE4800 /* Info.plist */ = {isa = PBXFileReference; lastKnownFileType = text.plist.xml; path = Info.plist; sourceTree = "<group>"; };
		3BFAAD362BA8BD6D00FE4800 /* LoginViewController.swift */ = {isa = PBXFileReference; lastKnownFileType = sourcecode.swift; path = LoginViewController.swift; sourceTree = "<group>"; };
		3BFAAD382BA8C4C300FE4800 /* GoogleService-Info.plist */ = {isa = PBXFileReference; fileEncoding = 4; lastKnownFileType = text.plist.xml; path = "GoogleService-Info.plist"; sourceTree = "<group>"; };
		3BFAAD3B2BA8D10000FE4800 /* LoginViewModel.swift */ = {isa = PBXFileReference; lastKnownFileType = sourcecode.swift; path = LoginViewModel.swift; sourceTree = "<group>"; };
		3BFAAD3E2BA8D1CF00FE4800 /* AuthScreenView.swift */ = {isa = PBXFileReference; lastKnownFileType = sourcecode.swift; path = AuthScreenView.swift; sourceTree = "<group>"; };
		3BFAAD402BA8D1DD00FE4800 /* AuthScreenViewModel.swift */ = {isa = PBXFileReference; lastKnownFileType = sourcecode.swift; path = AuthScreenViewModel.swift; sourceTree = "<group>"; };
		5EB9CBB0D84464A744441435 /* Pods_AuthPhoneNumber.framework */ = {isa = PBXFileReference; explicitFileType = wrapper.framework; includeInIndex = 0; path = Pods_AuthPhoneNumber.framework; sourceTree = BUILT_PRODUCTS_DIR; };
/* End PBXFileReference section */

/* Begin PBXFrameworksBuildPhase section */
		3BFAAD142BA8A8B400FE4800 /* Frameworks */ = {
			isa = PBXFrameworksBuildPhase;
			buildActionMask = 2147483647;
			files = (
				21C5F61A47BD06C5B081C1C4 /* Pods_AuthPhoneNumber.framework in Frameworks */,
			);
			runOnlyForDeploymentPostprocessing = 0;
		};
/* End PBXFrameworksBuildPhase section */

/* Begin PBXGroup section */
		326F9BB7B4261FDCC323E9EE /* Pods */ = {
			isa = PBXGroup;
			children = (
				3A3DFB33D485C0D2C5438F38 /* Pods-AuthPhoneNumber.debug.xcconfig */,
				2C69E80402697F201204242A /* Pods-AuthPhoneNumber.release.xcconfig */,
			);
			path = Pods;
			sourceTree = "<group>";
		};
		3BFAAD0E2BA8A8B400FE4800 = {
			isa = PBXGroup;
			children = (
				3BFAAD192BA8A8B400FE4800 /* AuthPhoneNumber */,
				3BFAAD182BA8A8B400FE4800 /* Products */,
				326F9BB7B4261FDCC323E9EE /* Pods */,
				B3BC6E9A7032E8EAF6694D03 /* Frameworks */,
			);
			sourceTree = "<group>";
		};
		3BFAAD182BA8A8B400FE4800 /* Products */ = {
			isa = PBXGroup;
			children = (
				3BFAAD172BA8A8B400FE4800 /* AuthPhoneNumber.app */,
			);
			name = Products;
			sourceTree = "<group>";
		};
		3BFAAD192BA8A8B400FE4800 /* AuthPhoneNumber */ = {
			isa = PBXGroup;
			children = (
				3BFAAD1A2BA8A8B400FE4800 /* AppDelegate.swift */,
				3BFAAD1C2BA8A8B400FE4800 /* SceneDelegate.swift */,
				3BFAAD3D2BA8D1A300FE4800 /* AuthScreenModule */,
				3BFAAD3A2BA8D0B400FE4800 /* ButtonAuth */,
				3BFAAD1E2BA8A8B400FE4800 /* LaunchScreenViewController.swift */,
				3BFAAD2F2BA8AAE600FE4800 /* Sources */,
			);
			path = AuthPhoneNumber;
			sourceTree = "<group>";
		};
		3BFAAD2F2BA8AAE600FE4800 /* Sources */ = {
			isa = PBXGroup;
			children = (
				3BFAAD382BA8C4C300FE4800 /* GoogleService-Info.plist */,
				3BFAAD302BA8AB0B00FE4800 /* Resources */,
			);
			path = Sources;
			sourceTree = "<group>";
		};
		3BFAAD302BA8AB0B00FE4800 /* Resources */ = {
			isa = PBXGroup;
			children = (
				3BFAAD232BA8A8B600FE4800 /* Assets.xcassets */,
				3BFAAD282BA8A8B600FE4800 /* Info.plist */,
			);
			path = Resources;
			sourceTree = "<group>";
		};
		3BFAAD3A2BA8D0B400FE4800 /* ButtonAuth */ = {
			isa = PBXGroup;
			children = (
				3BFAAD362BA8BD6D00FE4800 /* LoginViewController.swift */,
				3BFAAD3B2BA8D10000FE4800 /* LoginViewModel.swift */,
			);
			path = ButtonAuth;
			sourceTree = "<group>";
		};
		3BFAAD3D2BA8D1A300FE4800 /* AuthScreenModule */ = {
			isa = PBXGroup;
			children = (
				3BFAAD3E2BA8D1CF00FE4800 /* AuthScreenView.swift */,
				3BFAAD402BA8D1DD00FE4800 /* AuthScreenViewModel.swift */,
			);
			path = AuthScreenModule;
			sourceTree = "<group>";
		};
		B3BC6E9A7032E8EAF6694D03 /* Frameworks */ = {
			isa = PBXGroup;
			children = (
				5EB9CBB0D84464A744441435 /* Pods_AuthPhoneNumber.framework */,
			);
			name = Frameworks;
			sourceTree = "<group>";
		};
/* End PBXGroup section */

/* Begin PBXNativeTarget section */
		3BFAAD162BA8A8B400FE4800 /* AuthPhoneNumber */ = {
			isa = PBXNativeTarget;
			buildConfigurationList = 3BFAAD2B2BA8A8B600FE4800 /* Build configuration list for PBXNativeTarget "AuthPhoneNumber" */;
			buildPhases = (
				D4B427833AA1102E716E5451 /* [CP] Check Pods Manifest.lock */,
				3BFAAD132BA8A8B400FE4800 /* Sources */,
				3BFAAD142BA8A8B400FE4800 /* Frameworks */,
				3BFAAD152BA8A8B400FE4800 /* Resources */,
				22E3B058A55806D2F115F134 /* [CP] Embed Pods Frameworks */,
			);
			buildRules = (
			);
			dependencies = (
			);
			name = AuthPhoneNumber;
			productName = AuthPhoneNumber;
			productReference = 3BFAAD172BA8A8B400FE4800 /* AuthPhoneNumber.app */;
			productType = "com.apple.product-type.application";
		};
/* End PBXNativeTarget section */

/* Begin PBXProject section */
		3BFAAD0F2BA8A8B400FE4800 /* Project object */ = {
			isa = PBXProject;
			attributes = {
				BuildIndependentTargetsInParallel = 1;
				LastSwiftUpdateCheck = 1510;
				LastUpgradeCheck = 1510;
				TargetAttributes = {
					3BFAAD162BA8A8B400FE4800 = {
						CreatedOnToolsVersion = 15.1;
					};
				};
			};
			buildConfigurationList = 3BFAAD122BA8A8B400FE4800 /* Build configuration list for PBXProject "AuthPhoneNumber" */;
			compatibilityVersion = "Xcode 14.0";
			developmentRegion = en;
			hasScannedForEncodings = 0;
			knownRegions = (
				en,
				Base,
			);
			mainGroup = 3BFAAD0E2BA8A8B400FE4800;
			productRefGroup = 3BFAAD182BA8A8B400FE4800 /* Products */;
			projectDirPath = "";
			projectRoot = "";
			targets = (
				3BFAAD162BA8A8B400FE4800 /* AuthPhoneNumber */,
			);
		};
/* End PBXProject section */

/* Begin PBXResourcesBuildPhase section */
		3BFAAD152BA8A8B400FE4800 /* Resources */ = {
			isa = PBXResourcesBuildPhase;
			buildActionMask = 2147483647;
			files = (
				3BFAAD242BA8A8B600FE4800 /* Assets.xcassets in Resources */,
				3BFAAD392BA8C4C400FE4800 /* GoogleService-Info.plist in Resources */,
			);
			runOnlyForDeploymentPostprocessing = 0;
		};
/* End PBXResourcesBuildPhase section */

/* Begin PBXShellScriptBuildPhase section */
		22E3B058A55806D2F115F134 /* [CP] Embed Pods Frameworks */ = {
			isa = PBXShellScriptBuildPhase;
			buildActionMask = 2147483647;
			files = (
			);
			inputFileListPaths = (
				"${PODS_ROOT}/Target Support Files/Pods-AuthPhoneNumber/Pods-AuthPhoneNumber-frameworks-${CONFIGURATION}-input-files.xcfilelist",
			);
			name = "[CP] Embed Pods Frameworks";
			outputFileListPaths = (
				"${PODS_ROOT}/Target Support Files/Pods-AuthPhoneNumber/Pods-AuthPhoneNumber-frameworks-${CONFIGURATION}-output-files.xcfilelist",
			);
			runOnlyForDeploymentPostprocessing = 0;
			shellPath = /bin/sh;
			shellScript = "\"${PODS_ROOT}/Target Support Files/Pods-AuthPhoneNumber/Pods-AuthPhoneNumber-frameworks.sh\"\n";
			showEnvVarsInLog = 0;
		};
		D4B427833AA1102E716E5451 /* [CP] Check Pods Manifest.lock */ = {
			isa = PBXShellScriptBuildPhase;
			buildActionMask = 2147483647;
			files = (
			);
			inputFileListPaths = (
			);
			inputPaths = (
				"${PODS_PODFILE_DIR_PATH}/Podfile.lock",
				"${PODS_ROOT}/Manifest.lock",
			);
			name = "[CP] Check Pods Manifest.lock";
			outputFileListPaths = (
			);
			outputPaths = (
				"$(DERIVED_FILE_DIR)/Pods-AuthPhoneNumber-checkManifestLockResult.txt",
			);
			runOnlyForDeploymentPostprocessing = 0;
			shellPath = /bin/sh;
			shellScript = "diff \"${PODS_PODFILE_DIR_PATH}/Podfile.lock\" \"${PODS_ROOT}/Manifest.lock\" > /dev/null\nif [ $? != 0 ] ; then\n    # print error to STDERR\n    echo \"error: The sandbox is not in sync with the Podfile.lock. Run 'pod install' or update your CocoaPods installation.\" >&2\n    exit 1\nfi\n# This output is used by Xcode 'outputs' to avoid re-running this script phase.\necho \"SUCCESS\" > \"${SCRIPT_OUTPUT_FILE_0}\"\n";
			showEnvVarsInLog = 0;
		};
/* End PBXShellScriptBuildPhase section */

/* Begin PBXSourcesBuildPhase section */
		3BFAAD132BA8A8B400FE4800 /* Sources */ = {
			isa = PBXSourcesBuildPhase;
			buildActionMask = 2147483647;
			files = (
				3BFAAD1F2BA8A8B400FE4800 /* LaunchScreenViewController.swift in Sources */,
				3BFAAD1B2BA8A8B400FE4800 /* AppDelegate.swift in Sources */,
				3BFAAD372BA8BD6D00FE4800 /* LoginViewController.swift in Sources */,
				3BFAAD3C2BA8D10000FE4800 /* LoginViewModel.swift in Sources */,
				3BFAAD412BA8D1DD00FE4800 /* AuthScreenViewModel.swift in Sources */,
				3BFAAD3F2BA8D1CF00FE4800 /* AuthScreenView.swift in Sources */,
				3BFAAD1D2BA8A8B400FE4800 /* SceneDelegate.swift in Sources */,
			);
			runOnlyForDeploymentPostprocessing = 0;
		};
/* End PBXSourcesBuildPhase section */

/* Begin XCBuildConfiguration section */
		3BFAAD292BA8A8B600FE4800 /* Debug */ = {
			isa = XCBuildConfiguration;
			buildSettings = {
				ALWAYS_SEARCH_USER_PATHS = NO;
				ASSETCATALOG_COMPILER_GENERATE_SWIFT_ASSET_SYMBOL_EXTENSIONS = YES;
				CLANG_ANALYZER_NONNULL = YES;
				CLANG_ANALYZER_NUMBER_OBJECT_CONVERSION = YES_AGGRESSIVE;
				CLANG_CXX_LANGUAGE_STANDARD = "gnu++20";
				CLANG_ENABLE_MODULES = YES;
				CLANG_ENABLE_OBJC_ARC = YES;
				CLANG_ENABLE_OBJC_WEAK = YES;
				CLANG_WARN_BLOCK_CAPTURE_AUTORELEASING = YES;
				CLANG_WARN_BOOL_CONVERSION = YES;
				CLANG_WARN_COMMA = YES;
				CLANG_WARN_CONSTANT_CONVERSION = YES;
				CLANG_WARN_DEPRECATED_OBJC_IMPLEMENTATIONS = YES;
				CLANG_WARN_DIRECT_OBJC_ISA_USAGE = YES_ERROR;
				CLANG_WARN_DOCUMENTATION_COMMENTS = YES;
				CLANG_WARN_EMPTY_BODY = YES;
				CLANG_WARN_ENUM_CONVERSION = YES;
				CLANG_WARN_INFINITE_RECURSION = YES;
				CLANG_WARN_INT_CONVERSION = YES;
				CLANG_WARN_NON_LITERAL_NULL_CONVERSION = YES;
				CLANG_WARN_OBJC_IMPLICIT_RETAIN_SELF = YES;
				CLANG_WARN_OBJC_LITERAL_CONVERSION = YES;
				CLANG_WARN_OBJC_ROOT_CLASS = YES_ERROR;
				CLANG_WARN_QUOTED_INCLUDE_IN_FRAMEWORK_HEADER = YES;
				CLANG_WARN_RANGE_LOOP_ANALYSIS = YES;
				CLANG_WARN_STRICT_PROTOTYPES = YES;
				CLANG_WARN_SUSPICIOUS_MOVE = YES;
				CLANG_WARN_UNGUARDED_AVAILABILITY = YES_AGGRESSIVE;
				CLANG_WARN_UNREACHABLE_CODE = YES;
				CLANG_WARN__DUPLICATE_METHOD_MATCH = YES;
				COPY_PHASE_STRIP = NO;
				DEBUG_INFORMATION_FORMAT = dwarf;
				ENABLE_STRICT_OBJC_MSGSEND = YES;
				ENABLE_TESTABILITY = YES;
				ENABLE_USER_SCRIPT_SANDBOXING = YES;
				GCC_C_LANGUAGE_STANDARD = gnu17;
				GCC_DYNAMIC_NO_PIC = NO;
				GCC_NO_COMMON_BLOCKS = YES;
				GCC_OPTIMIZATION_LEVEL = 0;
				GCC_PREPROCESSOR_DEFINITIONS = (
					"DEBUG=1",
					"$(inherited)",
				);
				GCC_WARN_64_TO_32_BIT_CONVERSION = YES;
				GCC_WARN_ABOUT_RETURN_TYPE = YES_ERROR;
				GCC_WARN_UNDECLARED_SELECTOR = YES;
				GCC_WARN_UNINITIALIZED_AUTOS = YES_AGGRESSIVE;
				GCC_WARN_UNUSED_FUNCTION = YES;
				GCC_WARN_UNUSED_VARIABLE = YES;
				IPHONEOS_DEPLOYMENT_TARGET = 16.0;
				LOCALIZATION_PREFERS_STRING_CATALOGS = YES;
				MTL_ENABLE_DEBUG_INFO = INCLUDE_SOURCE;
				MTL_FAST_MATH = YES;
				ONLY_ACTIVE_ARCH = YES;
				SDKROOT = iphoneos;
				SWIFT_ACTIVE_COMPILATION_CONDITIONS = "DEBUG $(inherited)";
				SWIFT_OPTIMIZATION_LEVEL = "-Onone";
			};
			name = Debug;
		};
		3BFAAD2A2BA8A8B600FE4800 /* Release */ = {
			isa = XCBuildConfiguration;
			buildSettings = {
				ALWAYS_SEARCH_USER_PATHS = NO;
				ASSETCATALOG_COMPILER_GENERATE_SWIFT_ASSET_SYMBOL_EXTENSIONS = YES;
				CLANG_ANALYZER_NONNULL = YES;
				CLANG_ANALYZER_NUMBER_OBJECT_CONVERSION = YES_AGGRESSIVE;
				CLANG_CXX_LANGUAGE_STANDARD = "gnu++20";
				CLANG_ENABLE_MODULES = YES;
				CLANG_ENABLE_OBJC_ARC = YES;
				CLANG_ENABLE_OBJC_WEAK = YES;
				CLANG_WARN_BLOCK_CAPTURE_AUTORELEASING = YES;
				CLANG_WARN_BOOL_CONVERSION = YES;
				CLANG_WARN_COMMA = YES;
				CLANG_WARN_CONSTANT_CONVERSION = YES;
				CLANG_WARN_DEPRECATED_OBJC_IMPLEMENTATIONS = YES;
				CLANG_WARN_DIRECT_OBJC_ISA_USAGE = YES_ERROR;
				CLANG_WARN_DOCUMENTATION_COMMENTS = YES;
				CLANG_WARN_EMPTY_BODY = YES;
				CLANG_WARN_ENUM_CONVERSION = YES;
				CLANG_WARN_INFINITE_RECURSION = YES;
				CLANG_WARN_INT_CONVERSION = YES;
				CLANG_WARN_NON_LITERAL_NULL_CONVERSION = YES;
				CLANG_WARN_OBJC_IMPLICIT_RETAIN_SELF = YES;
				CLANG_WARN_OBJC_LITERAL_CONVERSION = YES;
				CLANG_WARN_OBJC_ROOT_CLASS = YES_ERROR;
				CLANG_WARN_QUOTED_INCLUDE_IN_FRAMEWORK_HEADER = YES;
				CLANG_WARN_RANGE_LOOP_ANALYSIS = YES;
				CLANG_WARN_STRICT_PROTOTYPES = YES;
				CLANG_WARN_SUSPICIOUS_MOVE = YES;
				CLANG_WARN_UNGUARDED_AVAILABILITY = YES_AGGRESSIVE;
				CLANG_WARN_UNREACHABLE_CODE = YES;
				CLANG_WARN__DUPLICATE_METHOD_MATCH = YES;
				COPY_PHASE_STRIP = NO;
				DEBUG_INFORMATION_FORMAT = "dwarf-with-dsym";
				ENABLE_NS_ASSERTIONS = NO;
				ENABLE_STRICT_OBJC_MSGSEND = YES;
				ENABLE_USER_SCRIPT_SANDBOXING = YES;
				GCC_C_LANGUAGE_STANDARD = gnu17;
				GCC_NO_COMMON_BLOCKS = YES;
				GCC_WARN_64_TO_32_BIT_CONVERSION = YES;
				GCC_WARN_ABOUT_RETURN_TYPE = YES_ERROR;
				GCC_WARN_UNDECLARED_SELECTOR = YES;
				GCC_WARN_UNINITIALIZED_AUTOS = YES_AGGRESSIVE;
				GCC_WARN_UNUSED_FUNCTION = YES;
				GCC_WARN_UNUSED_VARIABLE = YES;
				IPHONEOS_DEPLOYMENT_TARGET = 16.0;
				LOCALIZATION_PREFERS_STRING_CATALOGS = YES;
				MTL_ENABLE_DEBUG_INFO = NO;
				MTL_FAST_MATH = YES;
				SDKROOT = iphoneos;
				SWIFT_COMPILATION_MODE = wholemodule;
				VALIDATE_PRODUCT = YES;
			};
			name = Release;
		};
		3BFAAD2C2BA8A8B600FE4800 /* Debug */ = {
			isa = XCBuildConfiguration;
			baseConfigurationReference = 3A3DFB33D485C0D2C5438F38 /* Pods-AuthPhoneNumber.debug.xcconfig */;
			buildSettings = {
				ASSETCATALOG_COMPILER_APPICON_NAME = AppIcon;
				ASSETCATALOG_COMPILER_GLOBAL_ACCENT_COLOR_NAME = AccentColor;
				CODE_SIGN_STYLE = Automatic;
				CURRENT_PROJECT_VERSION = 1;
				DEVELOPMENT_TEAM = G5YZPTWNRQ;
				ENABLE_USER_SCRIPT_SANDBOXING = NO;
				GENERATE_INFOPLIST_FILE = YES;
				INFOPLIST_FILE = AuthPhoneNumber/Sources/Resources/Info.plist;
				INFOPLIST_KEY_UIApplicationSupportsIndirectInputEvents = YES;
				INFOPLIST_KEY_UILaunchStoryboardName = "";
				INFOPLIST_KEY_UISupportedInterfaceOrientations = UIInterfaceOrientationPortrait;
				INFOPLIST_KEY_UISupportedInterfaceOrientations_iPad = "UIInterfaceOrientationLandscapeLeft UIInterfaceOrientationLandscapeRight UIInterfaceOrientationPortrait UIInterfaceOrientationPortraitUpsideDown";
				IPHONEOS_DEPLOYMENT_TARGET = 16.0;
				LD_RUNPATH_SEARCH_PATHS = (
					"$(inherited)",
					"@executable_path/Frameworks",
				);
				MARKETING_VERSION = 1.0;
				PRODUCT_BUNDLE_IDENTIFIER = com.khlestkin.AuthPhoneNumber;
				PRODUCT_NAME = "$(TARGET_NAME)";
				SUPPORTED_PLATFORMS = "iphoneos iphonesimulator";
				SUPPORTS_MACCATALYST = NO;
				SUPPORTS_MAC_DESIGNED_FOR_IPHONE_IPAD = NO;
				SWIFT_EMIT_LOC_STRINGS = YES;
				SWIFT_VERSION = 5.0;
				TARGETED_DEVICE_FAMILY = 1;
			};
			name = Debug;
		};
		3BFAAD2D2BA8A8B600FE4800 /* Release */ = {
			isa = XCBuildConfiguration;
			baseConfigurationReference = 2C69E80402697F201204242A /* Pods-AuthPhoneNumber.release.xcconfig */;
			buildSettings = {
				ASSETCATALOG_COMPILER_APPICON_NAME = AppIcon;
				ASSETCATALOG_COMPILER_GLOBAL_ACCENT_COLOR_NAME = AccentColor;
				CODE_SIGN_STYLE = Automatic;
				CURRENT_PROJECT_VERSION = 1;
				DEVELOPMENT_TEAM = G5YZPTWNRQ;
				ENABLE_USER_SCRIPT_SANDBOXING = NO;
				GENERATE_INFOPLIST_FILE = YES;
				INFOPLIST_FILE = AuthPhoneNumber/Sources/Resources/Info.plist;
				INFOPLIST_KEY_UIApplicationSupportsIndirectInputEvents = YES;
				INFOPLIST_KEY_UILaunchStoryboardName = "";
				INFOPLIST_KEY_UISupportedInterfaceOrientations = UIInterfaceOrientationPortrait;
				INFOPLIST_KEY_UISupportedInterfaceOrientations_iPad = "UIInterfaceOrientationLandscapeLeft UIInterfaceOrientationLandscapeRight UIInterfaceOrientationPortrait UIInterfaceOrientationPortraitUpsideDown";
				IPHONEOS_DEPLOYMENT_TARGET = 16.0;
				LD_RUNPATH_SEARCH_PATHS = (
					"$(inherited)",
					"@executable_path/Frameworks",
				);
				MARKETING_VERSION = 1.0;
				PRODUCT_BUNDLE_IDENTIFIER = com.khlestkin.AuthPhoneNumber;
				PRODUCT_NAME = "$(TARGET_NAME)";
				SUPPORTED_PLATFORMS = "iphoneos iphonesimulator";
				SUPPORTS_MACCATALYST = NO;
				SUPPORTS_MAC_DESIGNED_FOR_IPHONE_IPAD = NO;
				SWIFT_EMIT_LOC_STRINGS = YES;
				SWIFT_VERSION = 5.0;
				TARGETED_DEVICE_FAMILY = 1;
			};
			name = Release;
		};
/* End XCBuildConfiguration section */

/* Begin XCConfigurationList section */
		3BFAAD122BA8A8B400FE4800 /* Build configuration list for PBXProject "AuthPhoneNumber" */ = {
			isa = XCConfigurationList;
			buildConfigurations = (
				3BFAAD292BA8A8B600FE4800 /* Debug */,
				3BFAAD2A2BA8A8B600FE4800 /* Release */,
			);
			defaultConfigurationIsVisible = 0;
			defaultConfigurationName = Release;
		};
		3BFAAD2B2BA8A8B600FE4800 /* Build configuration list for PBXNativeTarget "AuthPhoneNumber" */ = {
			isa = XCConfigurationList;
			buildConfigurations = (
				3BFAAD2C2BA8A8B600FE4800 /* Debug */,
				3BFAAD2D2BA8A8B600FE4800 /* Release */,
			);
			defaultConfigurationIsVisible = 0;
			defaultConfigurationName = Release;
		};
/* End XCConfigurationList section */
	};
	rootObject = 3BFAAD0F2BA8A8B400FE4800 /* Project object */;
}
